
Microsoft Visual Studio Solution File, Format Version 12.00
# Visual Studio Version 16
VisualStudioVersion = 16.0.33214.272
MinimumVisualStudioVersion = 10.0.40219.1
Project("{FAE04EC0-301F-11D3-BF4B-00C04F79EFBC}") = "UniversityRecruitment", "UniversityRecruitment\UniversityRecruitment.csproj", "{559F6E9D-2476-4719-942C-90428CA93E12}"
EndProject
Global
	GlobalSection(SolutionConfigurationPlatforms) = preSolution
		Debug|Any CPU = Debug|Any CPU
		Release|Any CPU = Release|Any CPU
	EndGlobalSection
	GlobalSection(ProjectConfigurationPlatforms) = postSolution
		{559F6E9D-2476-4719-942C-90428CA93E12}.Debug|Any CPU.ActiveCfg = Debug|Any CPU
		{559F6E9D-2476-4719-942C-90428CA93E12}.Debug|Any CPU.Build.0 = Debug|Any CPU
		{559F6E9D-2476-4719-942C-90428CA93E12}.Release|Any CPU.ActiveCfg = Release|Any CPU
		{559F6E9D-2476-4719-942C-90428CA93E12}.Release|Any CPU.Build.0 = Release|Any CPU
	EndGlobalSection
	GlobalSection(SolutionProperties) = preSolution
		HideSolutionNode = FALSE
	EndGlobalSection
	GlobalSection(ExtensibilityGlobals) = postSolution
		SolutionGuid = {133EE797-50E4-47F0-860A-F29240E4E005}
	EndGlobalSection
EndGlobal
